
Microsoft Visual Studio Solution File, Format Version 12.00
# Visual Studio Version 16
VisualStudioVersion = 16.0.30804.86
MinimumVisualStudioVersion = 10.0.40219.1
Project("{9A19103F-16F7-4668-BE54-9A1E7A4F7556}") = "BlazorEFCoreApp.Server", "Server\BlazorEFCoreApp.Server.csproj", "{50621CFE-C3A9-4776-80C3-5AE95EA548DE}"
EndProject
Project("{9A19103F-16F7-4668-BE54-9A1E7A4F7556}") = "BlazorEFCoreApp.Client", "Client\BlazorEFCoreApp.Client.csproj", "{519DEB57-29D0-4636-8BAB-A58BB78D91CB}"
EndProject
Project("{9A19103F-16F7-4668-BE54-9A1E7A4F7556}") = "BlazorEFCoreApp.Shared", "Shared\BlazorEFCoreApp.Shared.csproj", "{776CD212-1705-4322-911B-D74768791FD3}"
EndProject
Global
	GlobalSection(SolutionConfigurationPlatforms) = preSolution
		Debug|Any CPU = Debug|Any CPU
		Release|Any CPU = Release|Any CPU
	EndGlobalSection
	GlobalSection(ProjectConfigurationPlatforms) = postSolution
		{50621CFE-C3A9-4776-80C3-5AE95EA548DE}.Debug|Any CPU.ActiveCfg = Debug|Any CPU
		{50621CFE-C3A9-4776-80C3-5AE95EA548DE}.Debug|Any CPU.Build.0 = Debug|Any CPU
		{50621CFE-C3A9-4776-80C3-5AE95EA548DE}.Release|Any CPU.ActiveCfg = Release|Any CPU
		{50621CFE-C3A9-4776-80C3-5AE95EA548DE}.Release|Any CPU.Build.0 = Release|Any CPU
		{519DEB57-29D0-4636-8BAB-A58BB78D91CB}.Debug|Any CPU.ActiveCfg = Debug|Any CPU
		{519DEB57-29D0-4636-8BAB-A58BB78D91CB}.Debug|Any CPU.Build.0 = Debug|Any CPU
		{519DEB57-29D0-4636-8BAB-A58BB78D91CB}.Release|Any CPU.ActiveCfg = Release|Any CPU
		{519DEB57-29D0-4636-8BAB-A58BB78D91CB}.Release|Any CPU.Build.0 = Release|Any CPU
		{776CD212-1705-4322-911B-D74768791FD3}.Debug|Any CPU.ActiveCfg = Debug|Any CPU
		{776CD212-1705-4322-911B-D74768791FD3}.Debug|Any CPU.Build.0 = Debug|Any CPU
		{776CD212-1705-4322-911B-D74768791FD3}.Release|Any CPU.ActiveCfg = Release|Any CPU
		{776CD212-1705-4322-911B-D74768791FD3}.Release|Any CPU.Build.0 = Release|Any CPU
	EndGlobalSection
	GlobalSection(SolutionProperties) = preSolution
		HideSolutionNode = FALSE
	EndGlobalSection
	GlobalSection(ExtensibilityGlobals) = postSolution
		SolutionGuid = {97A9F866-C6C1-47E5-AE85-F0F5B54E6FD7}
	EndGlobalSection
EndGlobal
